
Microsoft Visual Studio Solution File, Format Version 12.00
# Visual Studio Version 17
VisualStudioVersion = 17.7.34221.43
MinimumVisualStudioVersion = 10.0.40219.1
Project("{9A19103F-16F7-4668-BE54-9A1E7A4F7556}") = "WPFControl", "WPFControl\WPFControl.csproj", "{CC43ACE6-82A9-439C-BA4F-A05BE2EA20A3}"
EndProject
Project("{FAE04EC0-301F-11D3-BF4B-00C04F79EFBC}") = "CandyControls", "CandyControls\CandyControls.csproj", "{85101EB3-C044-43B6-BAC0-B91CD3EDA9C0}"
EndProject
Global
	GlobalSection(SolutionConfigurationPlatforms) = preSolution
		Debug|Any CPU = Debug|Any CPU
		Release|Any CPU = Release|Any CPU
	EndGlobalSection
	GlobalSection(ProjectConfigurationPlatforms) = postSolution
		{CC43ACE6-82A9-439C-BA4F-A05BE2EA20A3}.Debug|Any CPU.ActiveCfg = Debug|Any CPU
		{CC43ACE6-82A9-439C-BA4F-A05BE2EA20A3}.Debug|Any CPU.Build.0 = Debug|Any CPU
		{CC43ACE6-82A9-439C-BA4F-A05BE2EA20A3}.Release|Any CPU.ActiveCfg = Release|Any CPU
		{CC43ACE6-82A9-439C-BA4F-A05BE2EA20A3}.Release|Any CPU.Build.0 = Release|Any CPU
		{85101EB3-C044-43B6-BAC0-B91CD3EDA9C0}.Debug|Any CPU.ActiveCfg = Debug|Any CPU
		{85101EB3-C044-43B6-BAC0-B91CD3EDA9C0}.Debug|Any CPU.Build.0 = Debug|Any CPU
		{85101EB3-C044-43B6-BAC0-B91CD3EDA9C0}.Release|Any CPU.ActiveCfg = Release|Any CPU
		{85101EB3-C044-43B6-BAC0-B91CD3EDA9C0}.Release|Any CPU.Build.0 = Release|Any CPU
	EndGlobalSection
	GlobalSection(SolutionProperties) = preSolution
		HideSolutionNode = FALSE
	EndGlobalSection
	GlobalSection(ExtensibilityGlobals) = postSolution
		SolutionGuid = {BD5A8AE0-9408-464E-9116-1DB6E382B697}
	EndGlobalSection
EndGlobal
